// !$*UTF8*$!
{
	archiveVersion = 1;
	classes = {
	};
	objectVersion = 48;
	objects = {

/* Begin PBXBuildFile section */
		5C7BE5E02042AD330040C563 /* AppDelegate.swift in Sources */ = {isa = PBXBuildFile; fileRef = 5C7BE5DF2042AD330040C563 /* AppDelegate.swift */; };
		5C7BE5E22042AD330040C563 /* SetupViewController.swift in Sources */ = {isa = PBXBuildFile; fileRef = 5C7BE5E12042AD330040C563 /* SetupViewController.swift */; };
		5C7BE5E52042AD340040C563 /* Main.storyboard in Resources */ = {isa = PBXBuildFile; fileRef = 5C7BE5E32042AD340040C563 /* Main.storyboard */; };
		5C7BE5E72042AD340040C563 /* Assets.xcassets in Resources */ = {isa = PBXBuildFile; fileRef = 5C7BE5E62042AD340040C563 /* Assets.xcassets */; };
		5C7BE5EA2042AD340040C563 /* LaunchScreen.storyboard in Resources */ = {isa = PBXBuildFile; fileRef = 5C7BE5E82042AD340040C563 /* LaunchScreen.storyboard */; };
		5C7BE60020438CA80040C563 /* PassTimeResponse.swift in Sources */ = {isa = PBXBuildFile; fileRef = 5C7BE5FF20438CA80040C563 /* PassTimeResponse.swift */; };
		5C7BE602204394D70040C563 /* PassTimesTableViewController.swift in Sources */ = {isa = PBXBuildFile; fileRef = 5C7BE601204394D70040C563 /* PassTimesTableViewController.swift */; };
		5C7BE6072043A0F00040C563 /* PassTimeTableViewCell.swift in Sources */ = {isa = PBXBuildFile; fileRef = 5C7BE6052043A0F00040C563 /* PassTimeTableViewCell.swift */; };
/* End PBXBuildFile section */

/* Begin PBXContainerItemProxy section */
		5C7BE5F12042AD340040C563 /* PBXContainerItemProxy */ = {
			isa = PBXContainerItemProxy;
			containerPortal = 5C7BE5D42042AD330040C563 /* Project object */;
			proxyType = 1;
			remoteGlobalIDString = 5C7BE5DB2042AD330040C563;
			remoteInfo = "ISS Pass Times";
		};
/* End PBXContainerItemProxy section */

/* Begin PBXFileReference section */
		5C7BE5DC2042AD330040C563 /* ISS Pass Times.app */ = {isa = PBXFileReference; explicitFileType = wrapper.application; includeInIndex = 0; path = "ISS Pass Times.app"; sourceTree = BUILT_PRODUCTS_DIR; };
		5C7BE5DF2042AD330040C563 /* AppDelegate.swift */ = {isa = PBXFileReference; lastKnownFileType = sourcecode.swift; path = AppDelegate.swift; sourceTree = "<group>"; };
		5C7BE5E12042AD330040C563 /* SetupViewController.swift */ = {isa = PBXFileReference; lastKnownFileType = sourcecode.swift; path = SetupViewController.swift; sourceTree = "<group>"; };
		5C7BE5E42042AD340040C563 /* Base */ = {isa = PBXFileReference; lastKnownFileType = file.storyboard; name = Base; path = Base.lproj/Main.storyboard; sourceTree = "<group>"; };
		5C7BE5E62042AD340040C563 /* Assets.xcassets */ = {isa = PBXFileReference; lastKnownFileType = folder.assetcatalog; path = Assets.xcassets; sourceTree = "<group>"; };
		5C7BE5E92042AD340040C563 /* Base */ = {isa = PBXFileReference; lastKnownFileType = file.storyboard; name = Base; path = Base.lproj/LaunchScreen.storyboard; sourceTree = "<group>"; };
		5C7BE5EB2042AD340040C563 /* Info.plist */ = {isa = PBXFileReference; lastKnownFileType = text.plist.xml; path = Info.plist; sourceTree = "<group>"; };
		5C7BE5F02042AD340040C563 /* ISS Pass TimesTests.xctest */ = {isa = PBXFileReference; explicitFileType = wrapper.cfbundle; includeInIndex = 0; path = "ISS Pass TimesTests.xctest"; sourceTree = BUILT_PRODUCTS_DIR; };
		5C7BE5FF20438CA80040C563 /* PassTimeResponse.swift */ = {isa = PBXFileReference; lastKnownFileType = sourcecode.swift; path = PassTimeResponse.swift; sourceTree = "<group>"; };
		5C7BE601204394D70040C563 /* PassTimesTableViewController.swift */ = {isa = PBXFileReference; lastKnownFileType = sourcecode.swift; path = PassTimesTableViewController.swift; sourceTree = "<group>"; };
		5C7BE6052043A0F00040C563 /* PassTimeTableViewCell.swift */ = {isa = PBXFileReference; lastKnownFileType = sourcecode.swift; path = PassTimeTableViewCell.swift; sourceTree = "<group>"; };
/* End PBXFileReference section */

/* Begin PBXFrameworksBuildPhase section */
		5C7BE5D92042AD330040C563 /* Frameworks */ = {
			isa = PBXFrameworksBuildPhase;
			buildActionMask = 2147483647;
			files = (
			);
			runOnlyForDeploymentPostprocessing = 0;
		};
		5C7BE5ED2042AD340040C563 /* Frameworks */ = {
			isa = PBXFrameworksBuildPhase;
			buildActionMask = 2147483647;
			files = (
			);
			runOnlyForDeploymentPostprocessing = 0;
		};
/* End PBXFrameworksBuildPhase section */

/* Begin PBXGroup section */
		5C7BE5D32042AD330040C563 = {
			isa = PBXGroup;
			children = (
				5C7BE5DE2042AD330040C563 /* ISS Pass Times */,
				5C7BE5DD2042AD330040C563 /* Products */,
			);
			sourceTree = "<group>";
		};
		5C7BE5DD2042AD330040C563 /* Products */ = {
			isa = PBXGroup;
			children = (
				5C7BE5DC2042AD330040C563 /* ISS Pass Times.app */,
				5C7BE5F02042AD340040C563 /* ISS Pass TimesTests.xctest */,
			);
			name = Products;
			sourceTree = "<group>";
		};
		5C7BE5DE2042AD330040C563 /* ISS Pass Times */ = {
			isa = PBXGroup;
			children = (
				5C7BE6052043A0F00040C563 /* PassTimeTableViewCell.swift */,
				5C7BE5FF20438CA80040C563 /* PassTimeResponse.swift */,
				5C7BE601204394D70040C563 /* PassTimesTableViewController.swift */,
				5C7BE5DF2042AD330040C563 /* AppDelegate.swift */,
				5C7BE5E12042AD330040C563 /* SetupViewController.swift */,
				5C7BE5E32042AD340040C563 /* Main.storyboard */,
				5C7BE5E62042AD340040C563 /* Assets.xcassets */,
				5C7BE5E82042AD340040C563 /* LaunchScreen.storyboard */,
				5C7BE5EB2042AD340040C563 /* Info.plist */,
			);
			path = "ISS Pass Times";
			sourceTree = "<group>";
		};
/* End PBXGroup section */

/* Begin PBXNativeTarget section */
		5C7BE5DB2042AD330040C563 /* ISS Pass Times */ = {
			isa = PBXNativeTarget;
			buildConfigurationList = 5C7BE5F92042AD340040C563 /* Build configuration list for PBXNativeTarget "ISS Pass Times" */;
			buildPhases = (
				5C7BE5D82042AD330040C563 /* Sources */,
				5C7BE5D92042AD330040C563 /* Frameworks */,
				5C7BE5DA2042AD330040C563 /* Resources */,
			);
			buildRules = (
			);
			dependencies = (
			);
			name = "ISS Pass Times";
			productName = "ISS Pass Times";
			productReference = 5C7BE5DC2042AD330040C563 /* ISS Pass Times.app */;
			productType = "com.apple.product-type.application";
		};
		5C7BE5EF2042AD340040C563 /* ISS Pass TimesTests */ = {
			isa = PBXNativeTarget;
			buildConfigurationList = 5C7BE5FC2042AD340040C563 /* Build configuration list for PBXNativeTarget "ISS Pass TimesTests" */;
			buildPhases = (
				5C7BE5EC2042AD340040C563 /* Sources */,
				5C7BE5ED2042AD340040C563 /* Frameworks */,
				5C7BE5EE2042AD340040C563 /* Resources */,
			);
			buildRules = (
			);
			dependencies = (
				5C7BE5F22042AD340040C563 /* PBXTargetDependency */,
			);
			name = "ISS Pass TimesTests";
			productName = "ISS Pass TimesTests";
			productReference = 5C7BE5F02042AD340040C563 /* ISS Pass TimesTests.xctest */;
			productType = "com.apple.product-type.bundle.unit-test";
		};
/* End PBXNativeTarget section */

/* Begin PBXProject section */
		5C7BE5D42042AD330040C563 /* Project object */ = {
			isa = PBXProject;
			attributes = {
				LastSwiftUpdateCheck = 0920;
				LastUpgradeCheck = 0920;
				TargetAttributes = {
					5C7BE5DB2042AD330040C563 = {
						CreatedOnToolsVersion = 9.2;
						ProvisioningStyle = Automatic;
					};
					5C7BE5EF2042AD340040C563 = {
						CreatedOnToolsVersion = 9.2;
						ProvisioningStyle = Automatic;
						TestTargetID = 5C7BE5DB2042AD330040C563;
					};
				};
			};
			buildConfigurationList = 5C7BE5D72042AD330040C563 /* Build configuration list for PBXProject "ISS Pass Times" */;
			compatibilityVersion = "Xcode 8.0";
			developmentRegion = en;
			hasScannedForEncodings = 0;
			knownRegions = (
				en,
				Base,
			);
			mainGroup = 5C7BE5D32042AD330040C563;
			productRefGroup = 5C7BE5DD2042AD330040C563 /* Products */;
			projectDirPath = "";
			projectRoot = "";
			targets = (
				5C7BE5DB2042AD330040C563 /* ISS Pass Times */,
				5C7BE5EF2042AD340040C563 /* ISS Pass TimesTests */,
			);
		};
/* End PBXProject section */

/* Begin PBXResourcesBuildPhase section */
		5C7BE5DA2042AD330040C563 /* Resources */ = {
			isa = PBXResourcesBuildPhase;
			buildActionMask = 2147483647;
			files = (
				5C7BE5EA2042AD340040C563 /* LaunchScreen.storyboard in Resources */,
				5C7BE5E72042AD340040C563 /* Assets.xcassets in Resources */,
				5C7BE5E52042AD340040C563 /* Main.storyboard in Resources */,
			);
			runOnlyForDeploymentPostprocessing = 0;
		};
		5C7BE5EE2042AD340040C563 /* Resources */ = {
			isa = PBXResourcesBuildPhase;
			buildActionMask = 2147483647;
			files = (
			);
			runOnlyForDeploymentPostprocessing = 0;
		};
/* End PBXResourcesBuildPhase section */

/* Begin PBXSourcesBuildPhase section */
		5C7BE5D82042AD330040C563 /* Sources */ = {
			isa = PBXSourcesBuildPhase;
			buildActionMask = 2147483647;
			files = (
				5C7BE60020438CA80040C563 /* PassTimeResponse.swift in Sources */,
				5C7BE602204394D70040C563 /* PassTimesTableViewController.swift in Sources */,
				5C7BE5E22042AD330040C563 /* SetupViewController.swift in Sources */,
				5C7BE6072043A0F00040C563 /* PassTimeTableViewCell.swift in Sources */,
				5C7BE5E02042AD330040C563 /* AppDelegate.swift in Sources */,
			);
			runOnlyForDeploymentPostprocessing = 0;
		};
		5C7BE5EC2042AD340040C563 /* Sources */ = {
			isa = PBXSourcesBuildPhase;
			buildActionMask = 2147483647;
			files = (
			);
			runOnlyForDeploymentPostprocessing = 0;
		};
/* End PBXSourcesBuildPhase section */

/* Begin PBXTargetDependency section */
		5C7BE5F22042AD340040C563 /* PBXTargetDependency */ = {
			isa = PBXTargetDependency;
			target = 5C7BE5DB2042AD330040C563 /* ISS Pass Times */;
			targetProxy = 5C7BE5F12042AD340040C563 /* PBXContainerItemProxy */;
		};
/* End PBXTargetDependency section */

/* Begin PBXVariantGroup section */
		5C7BE5E32042AD340040C563 /* Main.storyboard */ = {
			isa = PBXVariantGroup;
			children = (
				5C7BE5E42042AD340040C563 /* Base */,
			);
			name = Main.storyboard;
			sourceTree = "<group>";
		};
		5C7BE5E82042AD340040C563 /* LaunchScreen.storyboard */ = {
			isa = PBXVariantGroup;
			children = (
				5C7BE5E92042AD340040C563 /* Base */,
			);
			name = LaunchScreen.storyboard;
			sourceTree = "<group>";
		};
/* End PBXVariantGroup section */

/* Begin XCBuildConfiguration section */
		5C7BE5F72042AD340040C563 /* Debug */ = {
			isa = XCBuildConfiguration;
			buildSettings = {
				ALWAYS_SEARCH_USER_PATHS = NO;
				CLANG_ANALYZER_NONNULL = YES;
				CLANG_ANALYZER_NUMBER_OBJECT_CONVERSION = YES_AGGRESSIVE;
				CLANG_CXX_LANGUAGE_STANDARD = "gnu++14";
				CLANG_CXX_LIBRARY = "libc++";
				CLANG_ENABLE_MODULES = YES;
				CLANG_ENABLE_OBJC_ARC = YES;
				CLANG_WARN_BLOCK_CAPTURE_AUTORELEASING = YES;
				CLANG_WARN_BOOL_CONVERSION = YES;
				CLANG_WARN_COMMA = YES;
				CLANG_WARN_CONSTANT_CONVERSION = YES;
				CLANG_WARN_DIRECT_OBJC_ISA_USAGE = YES_ERROR;
				CLANG_WARN_DOCUMENTATION_COMMENTS = YES;
				CLANG_WARN_EMPTY_BODY = YES;
				CLANG_WARN_ENUM_CONVERSION = YES;
				CLANG_WARN_INFINITE_RECURSION = YES;
				CLANG_WARN_INT_CONVERSION = YES;
				CLANG_WARN_NON_LITERAL_NULL_CONVERSION = YES;
				CLANG_WARN_OBJC_LITERAL_CONVERSION = YES;
				CLANG_WARN_OBJC_ROOT_CLASS = YES_ERROR;
				CLANG_WARN_RANGE_LOOP_ANALYSIS = YES;
				CLANG_WARN_STRICT_PROTOTYPES = YES;
				CLANG_WARN_SUSPICIOUS_MOVE = YES;
				CLANG_WARN_UNGUARDED_AVAILABILITY = YES_AGGRESSIVE;
				CLANG_WARN_UNREACHABLE_CODE = YES;
				CLANG_WARN__DUPLICATE_METHOD_MATCH = YES;
				CODE_SIGN_IDENTITY = "iPhone Developer";
				COPY_PHASE_STRIP = NO;
				DEBUG_INFORMATION_FORMAT = dwarf;
				ENABLE_STRICT_OBJC_MSGSEND = YES;
				ENABLE_TESTABILITY = YES;
				GCC_C_LANGUAGE_STANDARD = gnu11;
				GCC_DYNAMIC_NO_PIC = NO;
				GCC_NO_COMMON_BLOCKS = YES;
				GCC_OPTIMIZATION_LEVEL = 0;
				GCC_PREPROCESSOR_DEFINITIONS = (
					"DEBUG=1",
					"$(inherited)",
				);
				GCC_WARN_64_TO_32_BIT_CONVERSION = YES;
				GCC_WARN_ABOUT_RETURN_TYPE = YES_ERROR;
				GCC_WARN_UNDECLARED_SELECTOR = YES;
				GCC_WARN_UNINITIALIZED_AUTOS = YES_AGGRESSIVE;
				GCC_WARN_UNUSED_FUNCTION = YES;
				GCC_WARN_UNUSED_VARIABLE = YES;
				IPHONEOS_DEPLOYMENT_TARGET = 11.2;
				MTL_ENABLE_DEBUG_INFO = YES;
				ONLY_ACTIVE_ARCH = YES;
				SDKROOT = iphoneos;
				SWIFT_ACTIVE_COMPILATION_CONDITIONS = DEBUG;
				SWIFT_OPTIMIZATION_LEVEL = "-Onone";
			};
			name = Debug;
		};
		5C7BE5F82042AD340040C563 /* Release */ = {
			isa = XCBuildConfiguration;
			buildSettings = {
				ALWAYS_SEARCH_USER_PATHS = NO;
				CLANG_ANALYZER_NONNULL = YES;
				CLANG_ANALYZER_NUMBER_OBJECT_CONVERSION = YES_AGGRESSIVE;
				CLANG_CXX_LANGUAGE_STANDARD = "gnu++14";
				CLANG_CXX_LIBRARY = "libc++";
				CLANG_ENABLE_MODULES = YES;
				CLANG_ENABLE_OBJC_ARC = YES;
				CLANG_WARN_BLOCK_CAPTURE_AUTORELEASING = YES;
				CLANG_WARN_BOOL_CONVERSION = YES;
				CLANG_WARN_COMMA = YES;
				CLANG_WARN_CONSTANT_CONVERSION = YES;
				CLANG_WARN_DIRECT_OBJC_ISA_USAGE = YES_ERROR;
				CLANG_WARN_DOCUMENTATION_COMMENTS = YES;
				CLANG_WARN_EMPTY_BODY = YES;
				CLANG_WARN_ENUM_CONVERSION = YES;
				CLANG_WARN_INFINITE_RECURSION = YES;
				CLANG_WARN_INT_CONVERSION = YES;
				CLANG_WARN_NON_LITERAL_NULL_CONVERSION = YES;
				CLANG_WARN_OBJC_LITERAL_CONVERSION = YES;
				CLANG_WARN_OBJC_ROOT_CLASS = YES_ERROR;
				CLANG_WARN_RANGE_LOOP_ANALYSIS = YES;
				CLANG_WARN_STRICT_PROTOTYPES = YES;
				CLANG_WARN_SUSPICIOUS_MOVE = YES;
				CLANG_WARN_UNGUARDED_AVAILABILITY = YES_AGGRESSIVE;
				CLANG_WARN_UNREACHABLE_CODE = YES;
				CLANG_WARN__DUPLICATE_METHOD_MATCH = YES;
				CODE_SIGN_IDENTITY = "iPhone Developer";
				COPY_PHASE_STRIP = NO;
				DEBUG_INFORMATION_FORMAT = "dwarf-with-dsym";
				ENABLE_NS_ASSERTIONS = NO;
				ENABLE_STRICT_OBJC_MSGSEND = YES;
				GCC_C_LANGUAGE_STANDARD = gnu11;
				GCC_NO_COMMON_BLOCKS = YES;
				GCC_WARN_64_TO_32_BIT_CONVERSION = YES;
				GCC_WARN_ABOUT_RETURN_TYPE = YES_ERROR;
				GCC_WARN_UNDECLARED_SELECTOR = YES;
				GCC_WARN_UNINITIALIZED_AUTOS = YES_AGGRESSIVE;
				GCC_WARN_UNUSED_FUNCTION = YES;
				GCC_WARN_UNUSED_VARIABLE = YES;
				IPHONEOS_DEPLOYMENT_TARGET = 11.2;
				MTL_ENABLE_DEBUG_INFO = NO;
				SDKROOT = iphoneos;
				SWIFT_OPTIMIZATION_LEVEL = "-Owholemodule";
				VALIDATE_PRODUCT = YES;
			};
			name = Release;
		};
		5C7BE5FA2042AD340040C563 /* Debug */ = {
			isa = XCBuildConfiguration;
			buildSettings = {
				ASSETCATALOG_COMPILER_APPICON_NAME = AppIcon;
				CODE_SIGN_STYLE = Automatic;
				DEVELOPMENT_TEAM = RN75XTE7NT;
				INFOPLIST_FILE = "ISS Pass Times/Info.plist";
				IPHONEOS_DEPLOYMENT_TARGET = 10.0;
				LD_RUNPATH_SEARCH_PATHS = "$(inherited) @executable_path/Frameworks";
				PRODUCT_BUNDLE_IDENTIFIER = "com.trey.ISS-Pass-Times";
				PRODUCT_NAME = "$(TARGET_NAME)";
				SWIFT_VERSION = 4.0;
				TARGETED_DEVICE_FAMILY = "1,2";
			};
			name = Debug;
		};
		5C7BE5FB2042AD340040C563 /* Release */ = {
			isa = XCBuildConfiguration;
			buildSettings = {
				ASSETCATALOG_COMPILER_APPICON_NAME = AppIcon;
				CODE_SIGN_STYLE = Automatic;
				DEVELOPMENT_TEAM = RN75XTE7NT;
				INFOPLIST_FILE = "ISS Pass Times/Info.plist";
				IPHONEOS_DEPLOYMENT_TARGET = 10.0;
				LD_RUNPATH_SEARCH_PATHS = "$(inherited) @executable_path/Frameworks";
				PRODUCT_BUNDLE_IDENTIFIER = "com.trey.ISS-Pass-Times";
				PRODUCT_NAME = "$(TARGET_NAME)";
				SWIFT_VERSION = 4.0;
				TARGETED_DEVICE_FAMILY = "1,2";
			};
			name = Release;
		};
		5C7BE5FD2042AD340040C563 /* Debug */ = {
			isa = XCBuildConfiguration;
			buildSettings = {
				ALWAYS_EMBED_SWIFT_STANDARD_LIBRARIES = YES;
				BUNDLE_LOADER = "$(TEST_HOST)";
				CODE_SIGN_STYLE = Automatic;
				INFOPLIST_FILE = "ISS Pass TimesTests/Info.plist";
				LD_RUNPATH_SEARCH_PATHS = "$(inherited) @executable_path/Frameworks @loader_path/Frameworks";
				PRODUCT_BUNDLE_IDENTIFIER = "com.trey.ISS-Pass-TimesTests";
				PRODUCT_NAME = "$(TARGET_NAME)";
				SWIFT_VERSION = 4.0;
				TARGETED_DEVICE_FAMILY = "1,2";
				TEST_HOST = "$(BUILT_PRODUCTS_DIR)/ISS Pass Times.app/ISS Pass Times";
			};
			name = Debug;
		};
		5C7BE5FE2042AD340040C563 /* Release */ = {
			isa = XCBuildConfiguration;
			buildSettings = {
				ALWAYS_EMBED_SWIFT_STANDARD_LIBRARIES = YES;
				BUNDLE_LOADER = "$(TEST_HOST)";
				CODE_SIGN_STYLE = Automatic;
				INFOPLIST_FILE = "ISS Pass TimesTests/Info.plist";
				LD_RUNPATH_SEARCH_PATHS = "$(inherited) @executable_path/Frameworks @loader_path/Frameworks";
				PRODUCT_BUNDLE_IDENTIFIER = "com.trey.ISS-Pass-TimesTests";
				PRODUCT_NAME = "$(TARGET_NAME)";
				SWIFT_VERSION = 4.0;
				TARGETED_DEVICE_FAMILY = "1,2";
				TEST_HOST = "$(BUILT_PRODUCTS_DIR)/ISS Pass Times.app/ISS Pass Times";
			};
			name = Release;
		};
/* End XCBuildConfiguration section */

/* Begin XCConfigurationList section */
		5C7BE5D72042AD330040C563 /* Build configuration list for PBXProject "ISS Pass Times" */ = {
			isa = XCConfigurationList;
			buildConfigurations = (
				5C7BE5F72042AD340040C563 /* Debug */,
				5C7BE5F82042AD340040C563 /* Release */,
			);
			defaultConfigurationIsVisible = 0;
			defaultConfigurationName = Release;
		};
		5C7BE5F92042AD340040C563 /* Build configuration list for PBXNativeTarget "ISS Pass Times" */ = {
			isa = XCConfigurationList;
			buildConfigurations = (
				5C7BE5FA2042AD340040C563 /* Debug */,
				5C7BE5FB2042AD340040C563 /* Release */,
			);
			defaultConfigurationIsVisible = 0;
			defaultConfigurationName = Release;
		};
		5C7BE5FC2042AD340040C563 /* Build configuration list for PBXNativeTarget "ISS Pass TimesTests" */ = {
			isa = XCConfigurationList;
			buildConfigurations = (
				5C7BE5FD2042AD340040C563 /* Debug */,
				5C7BE5FE2042AD340040C563 /* Release */,
			);
			defaultConfigurationIsVisible = 0;
			defaultConfigurationName = Release;
		};
/* End XCConfigurationList section */
	};
	rootObject = 5C7BE5D42042AD330040C563 /* Project object */;
}
